// !$*UTF8*$!
{
	archiveVersion = 1;
	classes = {
	};
	objectVersion = 77;
	objects = {

/* Begin PBXContainerItemProxy section */
		26FF08672DA9846E00C1CDFA /* PBXContainerItemProxy */ = {
			isa = PBXContainerItemProxy;
			containerPortal = 26FF08482DA9846C00C1CDFA /* Project object */;
			proxyType = 1;
			remoteGlobalIDString = 26FF084F2DA9846C00C1CDFA;
			remoteInfo = Sprint_41;
		};
		26FF08712DA9846E00C1CDFA /* PBXContainerItemProxy */ = {
			isa = PBXContainerItemProxy;
			containerPortal = 26FF08482DA9846C00C1CDFA /* Project object */;
			proxyType = 1;
			remoteGlobalIDString = 26FF084F2DA9846C00C1CDFA;
			remoteInfo = Sprint_41;
		};
/* End PBXContainerItemProxy section */

/* Begin PBXFileReference section */
		26FF08502DA9846C00C1CDFA /* Sprint_41.app */ = {isa = PBXFileReference; explicitFileType = wrapper.application; includeInIndex = 0; path = Sprint_41.app; sourceTree = BUILT_PRODUCTS_DIR; };
		26FF08662DA9846E00C1CDFA /* Sprint_41Tests.xctest */ = {isa = PBXFileReference; explicitFileType = wrapper.cfbundle; includeInIndex = 0; path = Sprint_41Tests.xctest; sourceTree = BUILT_PRODUCTS_DIR; };
		26FF08702DA9846E00C1CDFA /* Sprint_41UITests.xctest */ = {isa = PBXFileReference; explicitFileType = wrapper.cfbundle; includeInIndex = 0; path = Sprint_41UITests.xctest; sourceTree = BUILT_PRODUCTS_DIR; };
/* End PBXFileReference section */

/* Begin PBXFileSystemSynchronizedBuildFileExceptionSet section */
		26FF08782DA9846E00C1CDFA /* Exceptions for "Sprint_41" folder in "Sprint_41" target */ = {
			isa = PBXFileSystemSynchronizedBuildFileExceptionSet;
			membershipExceptions = (
				Info.plist,
			);
			target = 26FF084F2DA9846C00C1CDFA /* Sprint_41 */;
		};
/* End PBXFileSystemSynchronizedBuildFileExceptionSet section */

/* Begin PBXFileSystemSynchronizedRootGroup section */
		26FF08522DA9846C00C1CDFA /* Sprint_41 */ = {
			isa = PBXFileSystemSynchronizedRootGroup;
			exceptions = (
				26FF08782DA9846E00C1CDFA /* Exceptions for "Sprint_41" folder in "Sprint_41" target */,
			);
			path = Sprint_41;
			sourceTree = "<group>";
		};
		26FF08692DA9846E00C1CDFA /* Sprint_41Tests */ = {
			isa = PBXFileSystemSynchronizedRootGroup;
			path = Sprint_41Tests;
			sourceTree = "<group>";
		};
		26FF08732DA9846E00C1CDFA /* Sprint_41UITests */ = {
			isa = PBXFileSystemSynchronizedRootGroup;
			path = Sprint_41UITests;
			sourceTree = "<group>";
		};
/* End PBXFileSystemSynchronizedRootGroup section */

/* Begin PBXFrameworksBuildPhase section */
		26FF084D2DA9846C00C1CDFA /* Frameworks */ = {
			isa = PBXFrameworksBuildPhase;
			buildActionMask = 2147483647;
			files = (
			);
			runOnlyForDeploymentPostprocessing = 0;
		};
		26FF08632DA9846E00C1CDFA /* Frameworks */ = {
			isa = PBXFrameworksBuildPhase;
			buildActionMask = 2147483647;
			files = (
			);
			runOnlyForDeploymentPostprocessing = 0;
		};
		26FF086D2DA9846E00C1CDFA /* Frameworks */ = {
			isa = PBXFrameworksBuildPhase;
			buildActionMask = 2147483647;
			files = (
			);
			runOnlyForDeploymentPostprocessing = 0;
		};
/* End PBXFrameworksBuildPhase section */

/* Begin PBXGroup section */
		26FF08472DA9846C00C1CDFA = {
			isa = PBXGroup;
			children = (
				26FF08522DA9846C00C1CDFA /* Sprint_41 */,
				26FF08692DA9846E00C1CDFA /* Sprint_41Tests */,
				26FF08732DA9846E00C1CDFA /* Sprint_41UITests */,
				26FF08512DA9846C00C1CDFA /* Products */,
			);
			sourceTree = "<group>";
		};
		26FF08512DA9846C00C1CDFA /* Products */ = {
			isa = PBXGroup;
			children = (
				26FF08502DA9846C00C1CDFA /* Sprint_41.app */,
				26FF08662DA9846E00C1CDFA /* Sprint_41Tests.xctest */,
				26FF08702DA9846E00C1CDFA /* Sprint_41UITests.xctest */,
			);
			name = Products;
			sourceTree = "<group>";
		};
/* End PBXGroup section */

/* Begin PBXNativeTarget section */
		26FF084F2DA9846C00C1CDFA /* Sprint_41 */ = {
			isa = PBXNativeTarget;
			buildConfigurationList = 26FF08792DA9846E00C1CDFA /* Build configuration list for PBXNativeTarget "Sprint_41" */;
			buildPhases = (
				26FF084C2DA9846C00C1CDFA /* Sources */,
				26FF084D2DA9846C00C1CDFA /* Frameworks */,
				26FF084E2DA9846C00C1CDFA /* Resources */,
			);
			buildRules = (
			);
			dependencies = (
			);
			fileSystemSynchronizedGroups = (
				26FF08522DA9846C00C1CDFA /* Sprint_41 */,
			);
			name = Sprint_41;
			packageProductDependencies = (
			);
			productName = Sprint_41;
			productReference = 26FF08502DA9846C00C1CDFA /* Sprint_41.app */;
			productType = "com.apple.product-type.application";
		};
		26FF08652DA9846E00C1CDFA /* Sprint_41Tests */ = {
			isa = PBXNativeTarget;
			buildConfigurationList = 26FF087E2DA9846E00C1CDFA /* Build configuration list for PBXNativeTarget "Sprint_41Tests" */;
			buildPhases = (
				26FF08622DA9846E00C1CDFA /* Sources */,
				26FF08632DA9846E00C1CDFA /* Frameworks */,
				26FF08642DA9846E00C1CDFA /* Resources */,
			);
			buildRules = (
			);
			dependencies = (
				26FF08682DA9846E00C1CDFA /* PBXTargetDependency */,
			);
			fileSystemSynchronizedGroups = (
				26FF08692DA9846E00C1CDFA /* Sprint_41Tests */,
			);
			name = Sprint_41Tests;
			packageProductDependencies = (
			);
			productName = Sprint_41Tests;
			productReference = 26FF08662DA9846E00C1CDFA /* Sprint_41Tests.xctest */;
			productType = "com.apple.product-type.bundle.unit-test";
		};
		26FF086F2DA9846E00C1CDFA /* Sprint_41UITests */ = {
			isa = PBXNativeTarget;
			buildConfigurationList = 26FF08812DA9846E00C1CDFA /* Build configuration list for PBXNativeTarget "Sprint_41UITests" */;
			buildPhases = (
				26FF086C2DA9846E00C1CDFA /* Sources */,
				26FF086D2DA9846E00C1CDFA /* Frameworks */,
				26FF086E2DA9846E00C1CDFA /* Resources */,
			);
			buildRules = (
			);
			dependencies = (
				26FF08722DA9846E00C1CDFA /* PBXTargetDependency */,
			);
			fileSystemSynchronizedGroups = (
				26FF08732DA9846E00C1CDFA /* Sprint_41UITests */,
			);
			name = Sprint_41UITests;
			packageProductDependencies = (
			);
			productName = Sprint_41UITests;
			productReference = 26FF08702DA9846E00C1CDFA /* Sprint_41UITests.xctest */;
			productType = "com.apple.product-type.bundle.ui-testing";
		};
/* End PBXNativeTarget section */

/* Begin PBXProject section */
		26FF08482DA9846C00C1CDFA /* Project object */ = {
			isa = PBXProject;
			attributes = {
				BuildIndependentTargetsInParallel = 1;
				LastSwiftUpdateCheck = 1620;
				LastUpgradeCheck = 1620;
				TargetAttributes = {
					26FF084F2DA9846C00C1CDFA = {
						CreatedOnToolsVersion = 16.2;
					};
					26FF08652DA9846E00C1CDFA = {
						CreatedOnToolsVersion = 16.2;
						TestTargetID = 26FF084F2DA9846C00C1CDFA;
					};
					26FF086F2DA9846E00C1CDFA = {
						CreatedOnToolsVersion = 16.2;
						TestTargetID = 26FF084F2DA9846C00C1CDFA;
					};
				};
			};
			buildConfigurationList = 26FF084B2DA9846C00C1CDFA /* Build configuration list for PBXProject "Sprint_41" */;
			developmentRegion = en;
			hasScannedForEncodings = 0;
			knownRegions = (
				en,
				Base,
			);
			mainGroup = 26FF08472DA9846C00C1CDFA;
			minimizedProjectReferenceProxies = 1;
			preferredProjectObjectVersion = 77;
			productRefGroup = 26FF08512DA9846C00C1CDFA /* Products */;
			projectDirPath = "";
			projectRoot = "";
			targets = (
				26FF084F2DA9846C00C1CDFA /* Sprint_41 */,
				26FF08652DA9846E00C1CDFA /* Sprint_41Tests */,
				26FF086F2DA9846E00C1CDFA /* Sprint_41UITests */,
			);
		};
/* End PBXProject section */

/* Begin PBXResourcesBuildPhase section */
		26FF084E2DA9846C00C1CDFA /* Resources */ = {
			isa = PBXResourcesBuildPhase;
			buildActionMask = 2147483647;
			files = (
			);
			runOnlyForDeploymentPostprocessing = 0;
		};
		26FF08642DA9846E00C1CDFA /* Resources */ = {
			isa = PBXResourcesBuildPhase;
			buildActionMask = 2147483647;
			files = (
			);
			runOnlyForDeploymentPostprocessing = 0;
		};
		26FF086E2DA9846E00C1CDFA /* Resources */ = {
			isa = PBXResourcesBuildPhase;
			buildActionMask = 2147483647;
			files = (
			);
			runOnlyForDeploymentPostprocessing = 0;
		};
/* End PBXResourcesBuildPhase section */

/* Begin PBXSourcesBuildPhase section */
		26FF084C2DA9846C00C1CDFA /* Sources */ = {
			isa = PBXSourcesBuildPhase;
			buildActionMask = 2147483647;
			files = (
			);
			runOnlyForDeploymentPostprocessing = 0;
		};
		26FF08622DA9846E00C1CDFA /* Sources */ = {
			isa = PBXSourcesBuildPhase;
			buildActionMask = 2147483647;
			files = (
			);
			runOnlyForDeploymentPostprocessing = 0;
		};
		26FF086C2DA9846E00C1CDFA /* Sources */ = {
			isa = PBXSourcesBuildPhase;
			buildActionMask = 2147483647;
			files = (
			);
			runOnlyForDeploymentPostprocessing = 0;
		};
/* End PBXSourcesBuildPhase section */

/* Begin PBXTargetDependency section */
		26FF08682DA9846E00C1CDFA /* PBXTargetDependency */ = {
			isa = PBXTargetDependency;
			target = 26FF084F2DA9846C00C1CDFA /* Sprint_41 */;
			targetProxy = 26FF08672DA9846E00C1CDFA /* PBXContainerItemProxy */;
		};
		26FF08722DA9846E00C1CDFA /* PBXTargetDependency */ = {
			isa = PBXTargetDependency;
			target = 26FF084F2DA9846C00C1CDFA /* Sprint_41 */;
			targetProxy = 26FF08712DA9846E00C1CDFA /* PBXContainerItemProxy */;
		};
/* End PBXTargetDependency section */

/* Begin XCBuildConfiguration section */
		26FF087A2DA9846E00C1CDFA /* Debug */ = {
			isa = XCBuildConfiguration;
			buildSettings = {
				ASSETCATALOG_COMPILER_APPICON_NAME = AppIcon;
				ASSETCATALOG_COMPILER_GLOBAL_ACCENT_COLOR_NAME = AccentColor;
				CODE_SIGN_STYLE = Automatic;
				CURRENT_PROJECT_VERSION = 1;
				DEVELOPMENT_TEAM = 59DKG5KPV6;
				GENERATE_INFOPLIST_FILE = YES;
				INFOPLIST_FILE = Sprint_41/Info.plist;
				INFOPLIST_KEY_UIApplicationSupportsIndirectInputEvents = YES;
				INFOPLIST_KEY_UILaunchStoryboardName = LaunchScreen;
				INFOPLIST_KEY_UIMainStoryboardFile = Main;
				INFOPLIST_KEY_UISupportedInterfaceOrientations_iPad = "UIInterfaceOrientationPortrait UIInterfaceOrientationPortraitUpsideDown UIInterfaceOrientationLandscapeLeft UIInterfaceOrientationLandscapeRight";
				INFOPLIST_KEY_UISupportedInterfaceOrientations_iPhone = "UIInterfaceOrientationPortrait UIInterfaceOrientationLandscapeLeft UIInterfaceOrientationLandscapeRight";
				LD_RUNPATH_SEARCH_PATHS = (
					"$(inherited)",
					"@executable_path/Frameworks",
				);
				MARKETING_VERSION = 1.0;
				PRODUCT_BUNDLE_IDENTIFIER = "-.Sprint-41";
				PRODUCT_NAME = "$(TARGET_NAME)";
				SWIFT_EMIT_LOC_STRINGS = YES;
				SWIFT_VERSION = 5.0;
				TARGETED_DEVICE_FAMILY = "1,2";
			};
			name = Debug;
		};
		26FF087B2DA9846E00C1CDFA /* Release */ = {
			isa = XCBuildConfiguration;
			buildSettings = {
				ASSETCATALOG_COMPILER_APPICON_NAME = AppIcon;
				ASSETCATALOG_COMPILER_GLOBAL_ACCENT_COLOR_NAME = AccentColor;
				CODE_SIGN_STYLE = Automatic;
				CURRENT_PROJECT_VERSION = 1;
				DEVELOPMENT_TEAM = 59DKG5KPV6;
				GENERATE_INFOPLIST_FILE = YES;
				INFOPLIST_FILE = Sprint_41/Info.plist;
				INFOPLIST_KEY_UIApplicationSupportsIndirectInputEvents = YES;
				INFOPLIST_KEY_UILaunchStoryboardName = LaunchScreen;
				INFOPLIST_KEY_UIMainStoryboardFile = Main;
				INFOPLIST_KEY_UISupportedInterfaceOrientations_iPad = "UIInterfaceOrientationPortrait UIInterfaceOrientationPortraitUpsideDown UIInterfaceOrientationLandscapeLeft UIInterfaceOrientationLandscapeRight";
				INFOPLIST_KEY_UISupportedInterfaceOrientations_iPhone = "UIInterfaceOrientationPortrait UIInterfaceOrientationLandscapeLeft UIInterfaceOrientationLandscapeRight";
				LD_RUNPATH_SEARCH_PATHS = (
					"$(inherited)",
					"@executable_path/Frameworks",
				);
				MARKETING_VERSION = 1.0;
				PRODUCT_BUNDLE_IDENTIFIER = "-.Sprint-41";
				PRODUCT_NAME = "$(TARGET_NAME)";
				SWIFT_EMIT_LOC_STRINGS = YES;
				SWIFT_VERSION = 5.0;
				TARGETED_DEVICE_FAMILY = "1,2";
			};
			name = Release;
		};
		26FF087C2DA9846E00C1CDFA /* Debug */ = {
			isa = XCBuildConfiguration;
			buildSettings = {
				ALWAYS_SEARCH_USER_PATHS = NO;
				ASSETCATALOG_COMPILER_GENERATE_SWIFT_ASSET_SYMBOL_EXTENSIONS = YES;
				CLANG_ANALYZER_NONNULL = YES;
				CLANG_ANALYZER_NUMBER_OBJECT_CONVERSION = YES_AGGRESSIVE;
				CLANG_CXX_LANGUAGE_STANDARD = "gnu++20";
				CLANG_ENABLE_MODULES = YES;
				CLANG_ENABLE_OBJC_ARC = YES;
				CLANG_ENABLE_OBJC_WEAK = YES;
				CLANG_WARN_BLOCK_CAPTURE_AUTORELEASING = YES;
				CLANG_WARN_BOOL_CONVERSION = YES;
				CLANG_WARN_COMMA = YES;
				CLANG_WARN_CONSTANT_CONVERSION = YES;
				CLANG_WARN_DEPRECATED_OBJC_IMPLEMENTATIONS = YES;
				CLANG_WARN_DIRECT_OBJC_ISA_USAGE = YES_ERROR;
				CLANG_WARN_DOCUMENTATION_COMMENTS = YES;
				CLANG_WARN_EMPTY_BODY = YES;
				CLANG_WARN_ENUM_CONVERSION = YES;
				CLANG_WARN_INFINITE_RECURSION = YES;
				CLANG_WARN_INT_CONVERSION = YES;
				CLANG_WARN_NON_LITERAL_NULL_CONVERSION = YES;
				CLANG_WARN_OBJC_IMPLICIT_RETAIN_SELF = YES;
				CLANG_WARN_OBJC_LITERAL_CONVERSION = YES;
				CLANG_WARN_OBJC_ROOT_CLASS = YES_ERROR;
				CLANG_WARN_QUOTED_INCLUDE_IN_FRAMEWORK_HEADER = YES;
				CLANG_WARN_RANGE_LOOP_ANALYSIS = YES;
				CLANG_WARN_STRICT_PROTOTYPES = YES;
				CLANG_WARN_SUSPICIOUS_MOVE = YES;
				CLANG_WARN_UNGUARDED_AVAILABILITY = YES_AGGRESSIVE;
				CLANG_WARN_UNREACHABLE_CODE = YES;
				CLANG_WARN__DUPLICATE_METHOD_MATCH = YES;
				COPY_PHASE_STRIP = NO;
				DEBUG_INFORMATION_FORMAT = dwarf;
				ENABLE_STRICT_OBJC_MSGSEND = YES;
				ENABLE_TESTABILITY = YES;
				ENABLE_USER_SCRIPT_SANDBOXING = YES;
				GCC_C_LANGUAGE_STANDARD = gnu17;
				GCC_DYNAMIC_NO_PIC = NO;
				GCC_NO_COMMON_BLOCKS = YES;
				GCC_OPTIMIZATION_LEVEL = 0;
				GCC_PREPROCESSOR_DEFINITIONS = (
					"DEBUG=1",
					"$(inherited)",
				);
				GCC_WARN_64_TO_32_BIT_CONVERSION = YES;
				GCC_WARN_ABOUT_RETURN_TYPE = YES_ERROR;
				GCC_WARN_UNDECLARED_SELECTOR = YES;
				GCC_WARN_UNINITIALIZED_AUTOS = YES_AGGRESSIVE;
				GCC_WARN_UNUSED_FUNCTION = YES;
				GCC_WARN_UNUSED_VARIABLE = YES;
				IPHONEOS_DEPLOYMENT_TARGET = 18.2;
				LOCALIZATION_PREFERS_STRING_CATALOGS = YES;
				MTL_ENABLE_DEBUG_INFO = INCLUDE_SOURCE;
				MTL_FAST_MATH = YES;
				ONLY_ACTIVE_ARCH = YES;
				SDKROOT = iphoneos;
				SWIFT_ACTIVE_COMPILATION_CONDITIONS = "DEBUG $(inherited)";
				SWIFT_OPTIMIZATION_LEVEL = "-Onone";
			};
			name = Debug;
		};
		26FF087D2DA9846E00C1CDFA /* Release */ = {
			isa = XCBuildConfiguration;
			buildSettings = {
				ALWAYS_SEARCH_USER_PATHS = NO;
				ASSETCATALOG_COMPILER_GENERATE_SWIFT_ASSET_SYMBOL_EXTENSIONS = YES;
				CLANG_ANALYZER_NONNULL = YES;
				CLANG_ANALYZER_NUMBER_OBJECT_CONVERSION = YES_AGGRESSIVE;
				CLANG_CXX_LANGUAGE_STANDARD = "gnu++20";
				CLANG_ENABLE_MODULES = YES;
				CLANG_ENABLE_OBJC_ARC = YES;
				CLANG_ENABLE_OBJC_WEAK = YES;
				CLANG_WARN_BLOCK_CAPTURE_AUTORELEASING = YES;
				CLANG_WARN_BOOL_CONVERSION = YES;
				CLANG_WARN_COMMA = YES;
				CLANG_WARN_CONSTANT_CONVERSION = YES;
				CLANG_WARN_DEPRECATED_OBJC_IMPLEMENTATIONS = YES;
				CLANG_WARN_DIRECT_OBJC_ISA_USAGE = YES_ERROR;
				CLANG_WARN_DOCUMENTATION_COMMENTS = YES;
				CLANG_WARN_EMPTY_BODY = YES;
				CLANG_WARN_ENUM_CONVERSION = YES;
				CLANG_WARN_INFINITE_RECURSION = YES;
				CLANG_WARN_INT_CONVERSION = YES;
				CLANG_WARN_NON_LITERAL_NULL_CONVERSION = YES;
				CLANG_WARN_OBJC_IMPLICIT_RETAIN_SELF = YES;
				CLANG_WARN_OBJC_LITERAL_CONVERSION = YES;
				CLANG_WARN_OBJC_ROOT_CLASS = YES_ERROR;
				CLANG_WARN_QUOTED_INCLUDE_IN_FRAMEWORK_HEADER = YES;
				CLANG_WARN_RANGE_LOOP_ANALYSIS = YES;
				CLANG_WARN_STRICT_PROTOTYPES = YES;
				CLANG_WARN_SUSPICIOUS_MOVE = YES;
				CLANG_WARN_UNGUARDED_AVAILABILITY = YES_AGGRESSIVE;
				CLANG_WARN_UNREACHABLE_CODE = YES;
				CLANG_WARN__DUPLICATE_METHOD_MATCH = YES;
				COPY_PHASE_STRIP = NO;
				DEBUG_INFORMATION_FORMAT = "dwarf-with-dsym";
				ENABLE_NS_ASSERTIONS = NO;
				ENABLE_STRICT_OBJC_MSGSEND = YES;
				ENABLE_USER_SCRIPT_SANDBOXING = YES;
				GCC_C_LANGUAGE_STANDARD = gnu17;
				GCC_NO_COMMON_BLOCKS = YES;
				GCC_WARN_64_TO_32_BIT_CONVERSION = YES;
				GCC_WARN_ABOUT_RETURN_TYPE = YES_ERROR;
				GCC_WARN_UNDECLARED_SELECTOR = YES;
				GCC_WARN_UNINITIALIZED_AUTOS = YES_AGGRESSIVE;
				GCC_WARN_UNUSED_FUNCTION = YES;
				GCC_WARN_UNUSED_VARIABLE = YES;
				IPHONEOS_DEPLOYMENT_TARGET = 18.2;
				LOCALIZATION_PREFERS_STRING_CATALOGS = YES;
				MTL_ENABLE_DEBUG_INFO = NO;
				MTL_FAST_MATH = YES;
				SDKROOT = iphoneos;
				SWIFT_COMPILATION_MODE = wholemodule;
				VALIDATE_PRODUCT = YES;
			};
			name = Release;
		};
		26FF087F2DA9846E00C1CDFA /* Debug */ = {
			isa = XCBuildConfiguration;
			buildSettings = {
				BUNDLE_LOADER = "$(TEST_HOST)";
				CODE_SIGN_STYLE = Automatic;
				CURRENT_PROJECT_VERSION = 1;
				DEVELOPMENT_TEAM = 59DKG5KPV6;
				GENERATE_INFOPLIST_FILE = YES;
				IPHONEOS_DEPLOYMENT_TARGET = 18.2;
				MARKETING_VERSION = 1.0;
				PRODUCT_BUNDLE_IDENTIFIER = "-.Sprint-41Tests";
				PRODUCT_NAME = "$(TARGET_NAME)";
				SWIFT_EMIT_LOC_STRINGS = NO;
				SWIFT_VERSION = 5.0;
				TARGETED_DEVICE_FAMILY = "1,2";
				TEST_HOST = "$(BUILT_PRODUCTS_DIR)/Sprint_41.app/$(BUNDLE_EXECUTABLE_FOLDER_PATH)/Sprint_41";
			};
			name = Debug;
		};
		26FF08802DA9846E00C1CDFA /* Release */ = {
			isa = XCBuildConfiguration;
			buildSettings = {
				BUNDLE_LOADER = "$(TEST_HOST)";
				CODE_SIGN_STYLE = Automatic;
				CURRENT_PROJECT_VERSION = 1;
				DEVELOPMENT_TEAM = 59DKG5KPV6;
				GENERATE_INFOPLIST_FILE = YES;
				IPHONEOS_DEPLOYMENT_TARGET = 18.2;
				MARKETING_VERSION = 1.0;
				PRODUCT_BUNDLE_IDENTIFIER = "-.Sprint-41Tests";
				PRODUCT_NAME = "$(TARGET_NAME)";
				SWIFT_EMIT_LOC_STRINGS = NO;
				SWIFT_VERSION = 5.0;
				TARGETED_DEVICE_FAMILY = "1,2";
				TEST_HOST = "$(BUILT_PRODUCTS_DIR)/Sprint_41.app/$(BUNDLE_EXECUTABLE_FOLDER_PATH)/Sprint_41";
			};
			name = Release;
		};
		26FF08822DA9846E00C1CDFA /* Debug */ = {
			isa = XCBuildConfiguration;
			buildSettings = {
				CODE_SIGN_STYLE = Automatic;
				CURRENT_PROJECT_VERSION = 1;
				DEVELOPMENT_TEAM = 59DKG5KPV6;
				GENERATE_INFOPLIST_FILE = YES;
				MARKETING_VERSION = 1.0;
				PRODUCT_BUNDLE_IDENTIFIER = "-.Sprint-41UITests";
				PRODUCT_NAME = "$(TARGET_NAME)";
				SWIFT_EMIT_LOC_STRINGS = NO;
				SWIFT_VERSION = 5.0;
				TARGETED_DEVICE_FAMILY = "1,2";
				TEST_TARGET_NAME = Sprint_41;
			};
			name = Debug;
		};
		26FF08832DA9846E00C1CDFA /* Release */ = {
			isa = XCBuildConfiguration;
			buildSettings = {
				CODE_SIGN_STYLE = Automatic;
				CURRENT_PROJECT_VERSION = 1;
				DEVELOPMENT_TEAM = 59DKG5KPV6;
				GENERATE_INFOPLIST_FILE = YES;
				MARKETING_VERSION = 1.0;
				PRODUCT_BUNDLE_IDENTIFIER = "-.Sprint-41UITests";
				PRODUCT_NAME = "$(TARGET_NAME)";
				SWIFT_EMIT_LOC_STRINGS = NO;
				SWIFT_VERSION = 5.0;
				TARGETED_DEVICE_FAMILY = "1,2";
				TEST_TARGET_NAME = Sprint_41;
			};
			name = Release;
		};
/* End XCBuildConfiguration section */

/* Begin XCConfigurationList section */
		26FF084B2DA9846C00C1CDFA /* Build configuration list for PBXProject "Sprint_41" */ = {
			isa = XCConfigurationList;
			buildConfigurations = (
				26FF087C2DA9846E00C1CDFA /* Debug */,
				26FF087D2DA9846E00C1CDFA /* Release */,
			);
			defaultConfigurationIsVisible = 0;
			defaultConfigurationName = Release;
		};
		26FF08792DA9846E00C1CDFA /* Build configuration list for PBXNativeTarget "Sprint_41" */ = {
			isa = XCConfigurationList;
			buildConfigurations = (
				26FF087A2DA9846E00C1CDFA /* Debug */,
				26FF087B2DA9846E00C1CDFA /* Release */,
			);
			defaultConfigurationIsVisible = 0;
			defaultConfigurationName = Release;
		};
		26FF087E2DA9846E00C1CDFA /* Build configuration list for PBXNativeTarget "Sprint_41Tests" */ = {
			isa = XCConfigurationList;
			buildConfigurations = (
				26FF087F2DA9846E00C1CDFA /* Debug */,
				26FF08802DA9846E00C1CDFA /* Release */,
			);
			defaultConfigurationIsVisible = 0;
			defaultConfigurationName = Release;
		};
		26FF08812DA9846E00C1CDFA /* Build configuration list for PBXNativeTarget "Sprint_41UITests" */ = {
			isa = XCConfigurationList;
			buildConfigurations = (
				26FF08822DA9846E00C1CDFA /* Debug */,
				26FF08832DA9846E00C1CDFA /* Release */,
			);
			defaultConfigurationIsVisible = 0;
			defaultConfigurationName = Release;
		};
/* End XCConfigurationList section */
	};
	rootObject = 26FF08482DA9846C00C1CDFA /* Project object */;
}
